
Microsoft Visual Studio Solution File, Format Version 12.00
# Visual Studio Version 16
VisualStudioVersion = 16.0.30804.86
MinimumVisualStudioVersion = 10.0.40219.1
Project("{888888A0-9F3D-457C-B088-3A5042F75D52}") = "DataAnalys", "DataAnalys\DataAnalys.pyproj", "{0230BE63-4A2B-4EBA-9E10-1DC9214AA95F}"
EndProject
Global
	GlobalSection(SolutionConfigurationPlatforms) = preSolution
		Debug|Any CPU = Debug|Any CPU
		Release|Any CPU = Release|Any CPU
	EndGlobalSection
	GlobalSection(ProjectConfigurationPlatforms) = postSolution
		{0230BE63-4A2B-4EBA-9E10-1DC9214AA95F}.Debug|Any CPU.ActiveCfg = Debug|Any CPU
		{0230BE63-4A2B-4EBA-9E10-1DC9214AA95F}.Release|Any CPU.ActiveCfg = Release|Any CPU
	EndGlobalSection
	GlobalSection(SolutionProperties) = preSolution
		HideSolutionNode = FALSE
	EndGlobalSection
	GlobalSection(ExtensibilityGlobals) = postSolution
		SolutionGuid = {C4A99F1F-ABF0-4FD5-B095-BCE4F1761A1D}
	EndGlobalSection
EndGlobal
